
Microsoft Visual Studio Solution File, Format Version 12.00
# Visual Studio Version 17
VisualStudioVersion = 17.4.33205.214
MinimumVisualStudioVersion = 10.0.40219.1
Project("{FAE04EC0-301F-11D3-BF4B-00C04F79EFBC}") = "XpAllocator.Loader", "XpAllocator.Loader\XpAllocator.Loader.csproj", "{55E97342-1690-44FB-ACEB-B1924B6A2D49}"
EndProject
Project("{FAE04EC0-301F-11D3-BF4B-00C04F79EFBC}") = "XpAllocator", "XpAllocator\XpAllocator.csproj", "{24F69270-8767-4ECE-AAC6-7434384D5FCA}"
EndProject
Global
	GlobalSection(SolutionConfigurationPlatforms) = preSolution
		Debug|Any CPU = Debug|Any CPU
		Release|Any CPU = Release|Any CPU
	EndGlobalSection
	GlobalSection(ProjectConfigurationPlatforms) = postSolution
		{55E97342-1690-44FB-ACEB-B1924B6A2D49}.Debug|Any CPU.ActiveCfg = Debug|Any CPU
		{55E97342-1690-44FB-ACEB-B1924B6A2D49}.Debug|Any CPU.Build.0 = Debug|Any CPU
		{55E97342-1690-44FB-ACEB-B1924B6A2D49}.Release|Any CPU.ActiveCfg = Release|Any CPU
		{55E97342-1690-44FB-ACEB-B1924B6A2D49}.Release|Any CPU.Build.0 = Release|Any CPU
		{24F69270-8767-4ECE-AAC6-7434384D5FCA}.Debug|Any CPU.ActiveCfg = Debug|Any CPU
		{24F69270-8767-4ECE-AAC6-7434384D5FCA}.Debug|Any CPU.Build.0 = Debug|Any CPU
		{24F69270-8767-4ECE-AAC6-7434384D5FCA}.Release|Any CPU.ActiveCfg = Release|Any CPU
		{24F69270-8767-4ECE-AAC6-7434384D5FCA}.Release|Any CPU.Build.0 = Release|Any CPU
	EndGlobalSection
	GlobalSection(SolutionProperties) = preSolution
		HideSolutionNode = FALSE
	EndGlobalSection
	GlobalSection(ExtensibilityGlobals) = postSolution
		SolutionGuid = {697512A9-81AD-43E4-A0B6-D7FEB5FA0E6C}
	EndGlobalSection
EndGlobal
